
Microsoft Visual Studio Solution File, Format Version 12.00
# Visual Studio Version 16
VisualStudioVersion = 16.0.29020.237
MinimumVisualStudioVersion = 10.0.40219.1
Project("{9A19103F-16F7-4668-BE54-9A1E7A4F7556}") = "Client", "Client\Client.csproj", "{88C8AA49-D261-4FDC-ACEF-DB3B3573304C}"
EndProject
Project("{9A19103F-16F7-4668-BE54-9A1E7A4F7556}") = "DataSource", "DataSource\DataSource.csproj", "{ACFD1222-23D6-4E04-A49F-2709E2FD371F}"
EndProject
Global
	GlobalSection(SolutionConfigurationPlatforms) = preSolution
		Debug|Any CPU = Debug|Any CPU
		Release|Any CPU = Release|Any CPU
	EndGlobalSection
	GlobalSection(ProjectConfigurationPlatforms) = postSolution
		{88C8AA49-D261-4FDC-ACEF-DB3B3573304C}.Debug|Any CPU.ActiveCfg = Debug|Any CPU
		{88C8AA49-D261-4FDC-ACEF-DB3B3573304C}.Debug|Any CPU.Build.0 = Debug|Any CPU
		{88C8AA49-D261-4FDC-ACEF-DB3B3573304C}.Release|Any CPU.ActiveCfg = Release|Any CPU
		{88C8AA49-D261-4FDC-ACEF-DB3B3573304C}.Release|Any CPU.Build.0 = Release|Any CPU
		{ACFD1222-23D6-4E04-A49F-2709E2FD371F}.Debug|Any CPU.ActiveCfg = Debug|Any CPU
		{ACFD1222-23D6-4E04-A49F-2709E2FD371F}.Debug|Any CPU.Build.0 = Debug|Any CPU
		{ACFD1222-23D6-4E04-A49F-2709E2FD371F}.Release|Any CPU.ActiveCfg = Release|Any CPU
		{ACFD1222-23D6-4E04-A49F-2709E2FD371F}.Release|Any CPU.Build.0 = Release|Any CPU
	EndGlobalSection
	GlobalSection(SolutionProperties) = preSolution
		HideSolutionNode = FALSE
	EndGlobalSection
	GlobalSection(ExtensibilityGlobals) = postSolution
		SolutionGuid = {D4CA9B34-FE36-4547-BC76-537812817E16}
	EndGlobalSection
EndGlobal
